
Microsoft Visual Studio Solution File, Format Version 11.00
# Visual Studio 2010
Project("{FAE04EC0-301F-11D3-BF4B-00C04F79EFBC}") = "DotSpatial.Plugins.Ribbon", "DotSpatial.Plugins.Ribbon.csproj", "{051B1D10-630E-4185-A11C-B58FC196C10F}"
EndProject
Global
	GlobalSection(SolutionConfigurationPlatforms) = preSolution
		Debug|Any CPU = Debug|Any CPU
		Release|Any CPU = Release|Any CPU
	EndGlobalSection
	GlobalSection(ProjectConfigurationPlatforms) = postSolution
		{051B1D10-630E-4185-A11C-B58FC196C10F}.Debug|Any CPU.ActiveCfg = Debug|Any CPU
		{051B1D10-630E-4185-A11C-B58FC196C10F}.Debug|Any CPU.Build.0 = Debug|Any CPU
		{051B1D10-630E-4185-A11C-B58FC196C10F}.Release|Any CPU.ActiveCfg = Release|Any CPU
		{051B1D10-630E-4185-A11C-B58FC196C10F}.Release|Any CPU.Build.0 = Release|Any CPU
	EndGlobalSection
	GlobalSection(SolutionProperties) = preSolution
		HideSolutionNode = FALSE
	EndGlobalSection
EndGlobal
